
Microsoft Visual Studio Solution File, Format Version 12.00
# Visual Studio Version 17
VisualStudioVersion = 17.8.34330.188
MinimumVisualStudioVersion = 10.0.40219.1
Project("{8BC9CEB8-8B4A-11D0-8D11-00A0C91BC942}") = "Engine", "Engine\Engine.vcxproj", "{427F205E-49C1-4272-A1B9-691FC1E59730}"
EndProject
Project("{8BC9CEB8-8B4A-11D0-8D11-00A0C91BC942}") = "LoaderTests", "LoaderTests\LoaderTests.vcxproj", "{CC7292B0-0C8C-4F9F-97E0-C504BA05BDAB}"
EndProject
Global
	GlobalSection(SolutionConfigurationPlatforms) = preSolution
		Debug|x64 = Debug|x64
		Debug|x86 = Debug|x86
		Release|x64 = Release|x64
		Release|x86 = Release|x86
	EndGlobalSection
	GlobalSection(ProjectConfigurationPlatforms) = postSolution
		{427F205E-49C1-4272-A1B9-691FC1E59730}.Debug|x64.ActiveCfg = Debug|x64
		{427F205E-49C1-4272-A1B9-691FC1E59730}.Debug|x64.Build.0 = Debug|x64
		{427F205E-49C1-4272-A1B9-691FC1E59730}.Debug|x86.ActiveCfg = Debug|Win32
		{427F205E-49C1-4272-A1B9-691FC1E59730}.Debug|x86.Build.0 = Debug|Win32
		{427F205E-49C1-4272-A1B9-691FC1E59730}.Release|x64.ActiveCfg = Release|x64
		{427F205E-49C1-4272-A1B9-691FC1E59730}.Release|x64.Build.0 = Release|x64
		{427F205E-49C1-4272-A1B9-691FC1E59730}.Release|x86.ActiveCfg = Release|Win32
		{427F205E-49C1-4272-A1B9-691FC1E59730}.Release|x86.Build.0 = Release|Win32
		{CC7292B0-0C8C-4F9F-97E0-C504BA05BDAB}.Debug|x64.ActiveCfg = Debug|x64
		{CC7292B0-0C8C-4F9F-97E0-C504BA05BDAB}.Debug|x64.Build.0 = Debug|x64
		{CC7292B0-0C8C-4F9F-97E0-C504BA05BDAB}.Debug|x86.ActiveCfg = Debug|Win32
		{CC7292B0-0C8C-4F9F-97E0-C504BA05BDAB}.Debug|x86.Build.0 = Debug|Win32
		{CC7292B0-0C8C-4F9F-97E0-C504BA05BDAB}.Release|x64.ActiveCfg = Release|x64
		{CC7292B0-0C8C-4F9F-97E0-C504BA05BDAB}.Release|x64.Build.0 = Release|x64
		{CC7292B0-0C8C-4F9F-97E0-C504BA05BDAB}.Release|x86.ActiveCfg = Release|Win32
		{CC7292B0-0C8C-4F9F-97E0-C504BA05BDAB}.Release|x86.Build.0 = Release|Win32
	EndGlobalSection
	GlobalSection(SolutionProperties) = preSolution
		HideSolutionNode = FALSE
	EndGlobalSection
	GlobalSection(ExtensibilityGlobals) = postSolution
		SolutionGuid = {A9111FC8-3153-497A-A5C8-817E862024D4}
	EndGlobalSection
EndGlobal
